version = 1
revision = 3
requires-python = ">=3.12"

[[package]]
name = "anyio"
version = "4.9.0"
source = { registry = "https://pypi.org/simple" }
dependencies = [
    { name = "idna" },
    { name = "sniffio" },
    { name = "typing-extensions", marker = "python_full_version < '3.13'" },
]
sdist = { url = "https://files.pythonhosted.org/packages/95/7d/4c1bd541d4dffa1b52bd83fb8527089e097a106fc90b467a7313b105f840/anyio-4.9.0.tar.gz", hash = "sha256:673c0c244e15788651a4ff38710fea9675823028a6f08a5eda409e0c9840a028", size = 190949, upload-time = "2025-03-17T00:02:54.77Z" }
wheels = [
    { url = "https://files.pythonhosted.org/packages/a1/ee/48ca1a7c89ffec8b6a0c5d02b89c305671d5ffd8d3c94acf8b8c408575bb/anyio-4.9.0-py3-none-any.whl", hash = "sha256:9f76d541cad6e36af7beb62e978876f3b41e3e04f2c1fbf0884604c0a9c4d93c", size = 100916, upload-time = "2025-03-17T00:02:52.713Z" },
]

[[package]]
name = "certifi"
version = "2025.8.3"
source = { registry = "https://pypi.org/simple" }
sdist = { url = "https://files.pythonhosted.org/packages/dc/67/960ebe6bf230a96cda2e0abcf73af550ec4f090005363542f0765df162e0/certifi-2025.8.3.tar.gz", hash = "sha256:e564105f78ded564e3ae7c923924435e1daa7463faeab5bb932bc53ffae63407", size = 162386, upload-time = "2025-08-03T03:07:47.08Z" }
wheels = [
    { url = "https://files.pythonhosted.org/packages/e5/48/1549795ba7742c948d2ad169c1c8cdbae65bc450d6cd753d124b17c8cd32/certifi-2025.8.3-py3-none-any.whl", hash = "sha256:f6c12493cfb1b06ba2ff328595af9350c65d6644968e5d3a2ffd78699af217a5", size = 161216, upload-time = "2025-08-03T03:07:45.777Z" },
]

[[package]]
name = "conda-channel-mirrors"
version = "0.1.0"
source = { virtual = "." }
dependencies = [
    { name = "httpx" },
    { name = "py-rattler" },
]

[package.metadata]
requires-dist = [
    { name = "httpx", specifier = "==0.28.1" },
    { name = "py-rattler", specifier = "==0.18.0" },
]

[[package]]
name = "h11"
version = "0.16.0"
source = { registry = "https://pypi.org/simple" }
sdist = { url = "https://files.pythonhosted.org/packages/01/ee/02a2c011bdab74c6fb3c75474d40b3052059d95df7e73351460c8588d963/h11-0.16.0.tar.gz", hash = "sha256:4e35b956cf45792e4caa5885e69fba00bdbc6ffafbfa020300e549b208ee5ff1", size = 101250, upload-time = "2025-04-24T03:35:25.427Z" }
wheels = [
    { url = "https://files.pythonhosted.org/packages/04/4b/29cac41a4d98d144bf5f6d33995617b185d14b22401f75ca86f384e87ff1/h11-0.16.0-py3-none-any.whl", hash = "sha256:63cf8bbe7522de3bf65932fda1d9c2772064ffb3dae62d55932da54b31cb6c86", size = 37515, upload-time = "2025-04-24T03:35:24.344Z" },
]

[[package]]
name = "httpcore"
version = "1.0.9"
source = { registry = "https://pypi.org/simple" }
dependencies = [
    { name = "certifi" },
    { name = "h11" },
]
sdist = { url = "https://files.pythonhosted.org/packages/06/94/82699a10bca87a5556c9c59b5963f2d039dbd239f25bc2a63907a05a14cb/httpcore-1.0.9.tar.gz", hash = "sha256:6e34463af53fd2ab5d807f399a9b45ea31c3dfa2276f15a2c3f00afff6e176e8", size = 85484, upload-time = "2025-04-24T22:06:22.219Z" }
wheels = [
    { url = "https://files.pythonhosted.org/packages/7e/f5/f66802a942d491edb555dd61e3a9961140fd64c90bce1eafd741609d334d/httpcore-1.0.9-py3-none-any.whl", hash = "sha256:2d400746a40668fc9dec9810239072b40b4484b640a8c38fd654a024c7a1bf55", size = 78784, upload-time = "2025-04-24T22:06:20.566Z" },
]

[[package]]
name = "httpx"
version = "0.28.1"
source = { registry = "https://pypi.org/simple" }
dependencies = [
    { name = "anyio" },
    { name = "certifi" },
    { name = "httpcore" },
    { name = "idna" },
]
sdist = { url = "https://files.pythonhosted.org/packages/b1/df/48c586a5fe32a0f01324ee087459e112ebb7224f646c0b5023f5e79e9956/httpx-0.28.1.tar.gz", hash = "sha256:75e98c5f16b0f35b567856f597f06ff2270a374470a5c2392242528e3e3e42fc", size = 141406, upload-time = "2024-12-06T15:37:23.222Z" }
wheels = [
    { url = "https://files.pythonhosted.org/packages/2a/39/e50c7c3a983047577ee07d2a9e53faf5a69493943ec3f6a384bdc792deb2/httpx-0.28.1-py3-none-any.whl", hash = "sha256:d909fcccc110f8c7faf814ca82a9a4d816bc5a6dbfea25d6591d6985b8ba59ad", size = 73517, upload-time = "2024-12-06T15:37:21.509Z" },
]

[[package]]
name = "idna"
version = "3.10"
source = { registry = "https://pypi.org/simple" }
sdist = { url = "https://files.pythonhosted.org/packages/f1/70/7703c29685631f5a7590aa73f1f1d3fa9a380e654b86af429e0934a32f7d/idna-3.10.tar.gz", hash = "sha256:12f65c9b470abda6dc35cf8e63cc574b1c52b11df2c86030af0ac09b01b13ea9", size = 190490, upload-time = "2024-09-15T18:07:39.745Z" }
wheels = [
    { url = "https://files.pythonhosted.org/packages/76/c6/c88e154df9c4e1a2a66ccf0005a88dfb2650c1dffb6f5ce603dfbd452ce3/idna-3.10-py3-none-any.whl", hash = "sha256:946d195a0d259cbba61165e88e65941f16e9b36ea6ddb97f00452bae8b1287d3", size = 70442, upload-time = "2024-09-15T18:07:37.964Z" },
]

[[package]]
name = "py-rattler"
version = "0.18.0"
source = { registry = "https://pypi.org/simple" }
sdist = { url = "https://files.pythonhosted.org/packages/a4/ce/7d7795c0c10c6a58a235be844f095461da2a3c90ab988ba037e4a71b44ce/py_rattler-0.18.0.tar.gz", hash = "sha256:c6c0f1a87ab3fb6eacf8f9fa6db3014b5768e0361c6039fbc4ab0a05b87920cb", size = 2080129, upload-time = "2025-11-25T18:57:11.391Z" }
wheels = [
    { url = "https://files.pythonhosted.org/packages/4c/1f/5fc33ead92b9ce6f0c4f7297346d10ca06ffb9bc5d86a28e049d37459c1b/py_rattler-0.18.0-cp38-abi3-macosx_10_12_x86_64.macosx_11_0_arm64.macosx_10_12_universal2.whl", hash = "sha256:1184e3fafead593d7e3de6a4abcd3d7365a2347387ce7a37236fbbd71a4a37a5", size = 27554717, upload-time = "2025-11-25T18:56:34.796Z" },
    { url = "https://files.pythonhosted.org/packages/c7/1a/43ad12f5232d7ccdcbc514a0d875f8dd133fc5f169f9c6f0faf4def23ba0/py_rattler-0.18.0-cp38-abi3-macosx_10_12_x86_64.whl", hash = "sha256:cf218f77332b76031c3cba5d6a0791cad86247d15a163da059e2ba1b2deb368f", size = 14034892, upload-time = "2025-11-25T18:56:37.536Z" },
    { url = "https://files.pythonhosted.org/packages/9b/dd/4a28d58608adc7a48858abd4de86940ff984a54e17b245aaba5f8513ec06/py_rattler-0.18.0-cp38-abi3-manylinux_2_17_i686.manylinux2014_i686.whl", hash = "sha256:29e81198836293b773ea47d17b6d5fa914fe10b93019c2ae1a5abe760eff263b", size = 17974941, upload-time = "2025-11-25T18:56:40.96Z" },
    { url = "https://files.pythonhosted.org/packages/38/9e/ebabd4af0078a8c3c273b73c2401f1af0a49cfb6d81aaa621281b1ba2c8e/py_rattler-0.18.0-cp38-abi3-manylinux_2_17_ppc64.manylinux2014_ppc64.whl", hash = "sha256:6c66e58a5c68814bcd89b07255e3f043cb42ffae2335d1136558659e5dcb23e4", size = 25142394, upload-time = "2025-11-25T18:56:43.488Z" },
    { url = "https://files.pythonhosted.org/packages/69/d7/e7a3446c60380e374b8b41cf105aef5ed4d53831fee38444f38b09bbc881/py_rattler-0.18.0-cp38-abi3-manylinux_2_17_ppc64le.manylinux2014_ppc64le.whl", hash = "sha256:cc2ada50e6412ebaa321ee8adecfbc67904f3f082630dc084820faa6cf90bbeb", size = 24339090, upload-time = "2025-11-25T18:56:46.261Z" },
    { url = "https://files.pythonhosted.org/packages/6c/96/2ef6c7a1b80a3b6297c6a7bb176ddb009ce8cda87042939e2ebb542d1a73/py_rattler-0.18.0-cp38-abi3-manylinux_2_17_x86_64.manylinux2014_x86_64.whl", hash = "sha256:f2e1f87dfaada3a26d8f758e03bf7625ae1fe5c6a019cd630fea1e51834f5d68", size = 16630002, upload-time = "2025-11-25T18:56:48.834Z" },
    { url = "https://files.pythonhosted.org/packages/ea/3f/026143f4bb9bf6b1f33de603487164440ba184a0a9aab8d839cbf7916d27/py_rattler-0.18.0-cp38-abi3-manylinux_2_28_aarch64.whl", hash = "sha256:548d98561541ed1f8cf8150b504d4cfbc61c8729219c362f7eea0cd4722568c7", size = 16713167, upload-time = "2025-11-25T18:56:51.106Z" },
    { url = "https://files.pythonhosted.org/packages/6c/1e/e2827cfbefc6b83c697ffab19ea65ba04b34fce399b866d20a7a5594adea/py_rattler-0.18.0-cp38-abi3-manylinux_2_28_armv7l.whl", hash = "sha256:3cb23004c4f547c674212599644d5806e59e86703e7b93e43b260c65f90c73b5", size = 16265559, upload-time = "2025-11-25T18:56:53.335Z" },
    { url = "https://files.pythonhosted.org/packages/65/7f/ed0c7df6cfea360e4258c3cc5c693ffda68a4a6b1f56fea59fdb0ab68ecf/py_rattler-0.18.0-cp38-abi3-musllinux_1_2_aarch64.whl", hash = "sha256:94ad3d1b985ce7f06de599ab9f10bb89bac52824b0b18610564087491bad24bd", size = 16761671, upload-time = "2025-11-25T18:56:56.52Z" },
    { url = "https://files.pythonhosted.org/packages/11/03/a8ba5c9a72fa488c71a635024ec3b4e77864ba4a0fbed4374beccf8153a1/py_rattler-0.18.0-cp38-abi3-musllinux_1_2_armv7l.whl", hash = "sha256:2d7188075ef45a83af6bc1b16af89e82c753ae9b7372be1fce9a0c66d5389fd5", size = 16471539, upload-time = "2025-11-25T18:56:59.035Z" },
    { url = "https://files.pythonhosted.org/packages/b8/19/50f648b0458df7689db48cc490eadf76ddd5beefe167a5964b96edd2f5db/py_rattler-0.18.0-cp38-abi3-musllinux_1_2_i686.whl", hash = "sha256:16717ea033d8f567206662f0f306a402c71ffc31f5d411f4676b689852c84d41", size = 19452460, upload-time = "2025-11-25T18:57:01.587Z" },
    { url = "https://files.pythonhosted.org/packages/fd/cb/7de2eee56f163b4e04a8d97c3ba297fca61001724a8254411e613b87effd/py_rattler-0.18.0-cp38-abi3-musllinux_1_2_x86_64.whl", hash = "sha256:6cf1c1ef871f44560200e7ee8b42542a6e762e900da5dcb3c29bccef922b1648", size = 16805146, upload-time = "2025-11-25T18:57:04.276Z" },
    { url = "https://files.pythonhosted.org/packages/11/41/7a2bc5e98742299b8fdce51a62e493e7480c832a4a4fb0adea0d61601fa4/py_rattler-0.18.0-cp38-abi3-win32.whl", hash = "sha256:c62f7ef173fab444b206c15ef00d432e5c8cce7272cb53d6acf9d7652ad8d6b9", size = 11215820, upload-time = "2025-11-25T18:57:07.155Z" },
    { url = "https://files.pythonhosted.org/packages/c2/73/c5a059eb37b3cc03816f6e0c07c893a52018049b4dabfcc53e252efdca15/py_rattler-0.18.0-cp38-abi3-win_amd64.whl", hash = "sha256:83c081ffb2bd8684ec87408830ca910bed21f7bc9f90980520a97bf37cc94079", size = 11961286, upload-time = "2025-11-25T18:57:09.437Z" },
]

[[package]]
name = "sniffio"
version = "1.3.1"
source = { registry = "https://pypi.org/simple" }
sdist = { url = "https://files.pythonhosted.org/packages/a2/87/a6771e1546d97e7e041b6ae58d80074f81b7d5121207425c964ddf5cfdbd/sniffio-1.3.1.tar.gz", hash = "sha256:f4324edc670a0f49750a81b895f35c3adb843cca46f0530f79fc1babb23789dc", size = 20372, upload-time = "2024-02-25T23:20:04.057Z" }
wheels = [
    { url = "https://files.pythonhosted.org/packages/e9/44/75a9c9421471a6c4805dbf2356f7c181a29c1879239abab1ea2cc8f38b40/sniffio-1.3.1-py3-none-any.whl", hash = "sha256:2f6da418d1f1e0fddd844478f41680e794e6051915791a034ff65e5f100525a2", size = 10235, upload-time = "2024-02-25T23:20:01.196Z" },
]

[[package]]
name = "typing-extensions"
version = "4.14.1"
source = { registry = "https://pypi.org/simple" }
sdist = { url = "https://files.pythonhosted.org/packages/98/5a/da40306b885cc8c09109dc2e1abd358d5684b1425678151cdaed4731c822/typing_extensions-4.14.1.tar.gz", hash = "sha256:38b39f4aeeab64884ce9f74c94263ef78f3c22467c8724005483154c26648d36", size = 107673, upload-time = "2025-07-04T13:28:34.16Z" }
wheels = [
    { url = "https://files.pythonhosted.org/packages/b5/00/d631e67a838026495268c2f6884f3711a15a9a2a96cd244fdaea53b823fb/typing_extensions-4.14.1-py3-none-any.whl", hash = "sha256:d1e1e3b58374dc93031d6eda2420a48ea44a36c2b4766a4fdeb3710755731d76", size = 43906, upload-time = "2025-07-04T13:28:32.743Z" },
]
