version = 1
revision = 3
requires-python = ">=3.12"

[[package]]
name = "anyio"
version = "4.12.1"
source = { registry = "https://pypi.org/simple" }
dependencies = [
    { name = "idna" },
    { name = "typing-extensions", marker = "python_full_version < '3.13'" },
]
sdist = { url = "https://files.pythonhosted.org/packages/96/f0/5eb65b2bb0d09ac6776f2eb54adee6abe8228ea05b20a5ad0e4945de8aac/anyio-4.12.1.tar.gz", hash = "sha256:41cfcc3a4c85d3f05c932da7c26d0201ac36f72abd4435ba90d0464a3ffed703", size = 228685, upload-time = "2026-01-06T11:45:21.246Z" }
wheels = [
    { url = "https://files.pythonhosted.org/packages/38/0e/27be9fdef66e72d64c0cdc3cc2823101b80585f8119b5c112c2e8f5f7dab/anyio-4.12.1-py3-none-any.whl", hash = "sha256:d405828884fc140aa80a3c667b8beed277f1dfedec42ba031bd6ac3db606ab6c", size = 113592, upload-time = "2026-01-06T11:45:19.497Z" },
]

[[package]]
name = "certifi"
version = "2026.2.25"
source = { registry = "https://pypi.org/simple" }
sdist = { url = "https://files.pythonhosted.org/packages/af/2d/7bf41579a8986e348fa033a31cdd0e4121114f6bce2457e8876010b092dd/certifi-2026.2.25.tar.gz", hash = "sha256:e887ab5cee78ea814d3472169153c2d12cd43b14bd03329a39a9c6e2e80bfba7", size = 155029, upload-time = "2026-02-25T02:54:17.342Z" }
wheels = [
    { url = "https://files.pythonhosted.org/packages/9a/3c/c17fb3ca2d9c3acff52e30b309f538586f9f5b9c9cf454f3845fc9af4881/certifi-2026.2.25-py3-none-any.whl", hash = "sha256:027692e4402ad994f1c42e52a4997a9763c646b73e4096e4d5d6db8af1d6f0fa", size = 153684, upload-time = "2026-02-25T02:54:15.766Z" },
]

[[package]]
name = "conda-channel-mirrors"
version = "0.1.0"
source = { virtual = "." }
dependencies = [
    { name = "httpx" },
    { name = "py-rattler" },
]

[package.metadata]
requires-dist = [
    { name = "httpx", specifier = "==0.28.1" },
    { name = "py-rattler", specifier = "==0.23.2" },
]

[[package]]
name = "h11"
version = "0.16.0"
source = { registry = "https://pypi.org/simple" }
sdist = { url = "https://files.pythonhosted.org/packages/01/ee/02a2c011bdab74c6fb3c75474d40b3052059d95df7e73351460c8588d963/h11-0.16.0.tar.gz", hash = "sha256:4e35b956cf45792e4caa5885e69fba00bdbc6ffafbfa020300e549b208ee5ff1", size = 101250, upload-time = "2025-04-24T03:35:25.427Z" }
wheels = [
    { url = "https://files.pythonhosted.org/packages/04/4b/29cac41a4d98d144bf5f6d33995617b185d14b22401f75ca86f384e87ff1/h11-0.16.0-py3-none-any.whl", hash = "sha256:63cf8bbe7522de3bf65932fda1d9c2772064ffb3dae62d55932da54b31cb6c86", size = 37515, upload-time = "2025-04-24T03:35:24.344Z" },
]

[[package]]
name = "httpcore"
version = "1.0.9"
source = { registry = "https://pypi.org/simple" }
dependencies = [
    { name = "certifi" },
    { name = "h11" },
]
sdist = { url = "https://files.pythonhosted.org/packages/06/94/82699a10bca87a5556c9c59b5963f2d039dbd239f25bc2a63907a05a14cb/httpcore-1.0.9.tar.gz", hash = "sha256:6e34463af53fd2ab5d807f399a9b45ea31c3dfa2276f15a2c3f00afff6e176e8", size = 85484, upload-time = "2025-04-24T22:06:22.219Z" }
wheels = [
    { url = "https://files.pythonhosted.org/packages/7e/f5/f66802a942d491edb555dd61e3a9961140fd64c90bce1eafd741609d334d/httpcore-1.0.9-py3-none-any.whl", hash = "sha256:2d400746a40668fc9dec9810239072b40b4484b640a8c38fd654a024c7a1bf55", size = 78784, upload-time = "2025-04-24T22:06:20.566Z" },
]

[[package]]
name = "httpx"
version = "0.28.1"
source = { registry = "https://pypi.org/simple" }
dependencies = [
    { name = "anyio" },
    { name = "certifi" },
    { name = "httpcore" },
    { name = "idna" },
]
sdist = { url = "https://files.pythonhosted.org/packages/b1/df/48c586a5fe32a0f01324ee087459e112ebb7224f646c0b5023f5e79e9956/httpx-0.28.1.tar.gz", hash = "sha256:75e98c5f16b0f35b567856f597f06ff2270a374470a5c2392242528e3e3e42fc", size = 141406, upload-time = "2024-12-06T15:37:23.222Z" }
wheels = [
    { url = "https://files.pythonhosted.org/packages/2a/39/e50c7c3a983047577ee07d2a9e53faf5a69493943ec3f6a384bdc792deb2/httpx-0.28.1-py3-none-any.whl", hash = "sha256:d909fcccc110f8c7faf814ca82a9a4d816bc5a6dbfea25d6591d6985b8ba59ad", size = 73517, upload-time = "2024-12-06T15:37:21.509Z" },
]

[[package]]
name = "idna"
version = "3.11"
source = { registry = "https://pypi.org/simple" }
sdist = { url = "https://files.pythonhosted.org/packages/6f/6d/0703ccc57f3a7233505399edb88de3cbd678da106337b9fcde432b65ed60/idna-3.11.tar.gz", hash = "sha256:795dafcc9c04ed0c1fb032c2aa73654d8e8c5023a7df64a53f39190ada629902", size = 194582, upload-time = "2025-10-12T14:55:20.501Z" }
wheels = [
    { url = "https://files.pythonhosted.org/packages/0e/61/66938bbb5fc52dbdf84594873d5b51fb1f7c7794e9c0f5bd885f30bc507b/idna-3.11-py3-none-any.whl", hash = "sha256:771a87f49d9defaf64091e6e6fe9c18d4833f140bd19464795bc32d966ca37ea", size = 71008, upload-time = "2025-10-12T14:55:18.883Z" },
]

[[package]]
name = "py-rattler"
version = "0.23.2"
source = { registry = "https://pypi.org/simple" }
sdist = { url = "https://files.pythonhosted.org/packages/9c/74/ef51ab3c63b33747436192da9d1f312a6d38cc981e01a8f9c76bb412ffeb/py_rattler-0.23.2.tar.gz", hash = "sha256:0b6eaf428054ad6c5357c27d8b017843019bca27a4dbd308c541c467d6525523", size = 2369230, upload-time = "2026-03-20T09:00:27.899Z" }
wheels = [
    { url = "https://files.pythonhosted.org/packages/3a/39/e6e984b7ca34a2e30f1a984bd40cb1ef561a705bc1b36b9e960c975234f3/py_rattler-0.23.2-cp38-abi3-macosx_10_12_x86_64.macosx_11_0_arm64.macosx_10_12_universal2.whl", hash = "sha256:87be072cae015d9323dbb2eee3adcb0fef85db6a96b3a0dfd4e2e71603544636", size = 34392163, upload-time = "2026-03-20T08:59:35.385Z" },
    { url = "https://files.pythonhosted.org/packages/57/a9/4fbf9856840f0bb4d0ebaccbb8b217ff63265f219a68a38f7bb8bf987e0f/py_rattler-0.23.2-cp38-abi3-macosx_10_12_x86_64.whl", hash = "sha256:4cd015c5122e29111ece5a402e9b38f12dfa78ede3c00e979e3f1b05816dbe5a", size = 17851777, upload-time = "2026-03-20T08:59:39.004Z" },
    { url = "https://files.pythonhosted.org/packages/63/a6/e05b7e98dbb61552d9a7b9520896900b0d1a80af1fd463e04bbaa63992d6/py_rattler-0.23.2-cp38-abi3-manylinux_2_17_i686.manylinux2014_i686.whl", hash = "sha256:267419b30ec460bde0ed760a9a8b237b694736379cf508974d47c4976a83ae05", size = 21408638, upload-time = "2026-03-20T08:59:42.725Z" },
    { url = "https://files.pythonhosted.org/packages/dc/d7/d842dd0374a4bf9aa71fdf061f00eb6cce01ab29a683e8a0d53032cbf09b/py_rattler-0.23.2-cp38-abi3-manylinux_2_17_ppc64.manylinux2014_ppc64.whl", hash = "sha256:0363c602d36dcef5315742e8798ff13a962a4b40ee605f16e6ca70f3bca9b06d", size = 28151423, upload-time = "2026-03-20T08:59:47.101Z" },
    { url = "https://files.pythonhosted.org/packages/aa/b3/e38fc548f9fc0f9857ec20a31152d05cc23e07a82487f0e0f955321560d9/py_rattler-0.23.2-cp38-abi3-manylinux_2_17_ppc64le.manylinux2014_ppc64le.whl", hash = "sha256:a722545ce466e6c68288ebd28567c7d7736756a7e9eb18c55bf17eea433fed9f", size = 26994536, upload-time = "2026-03-20T08:59:51.815Z" },
    { url = "https://files.pythonhosted.org/packages/5a/86/6e0202ddd5ffc1c9cb1be80c9981a67061413e05ab6073939fa9c9dc0821/py_rattler-0.23.2-cp38-abi3-manylinux_2_17_x86_64.manylinux2014_x86_64.whl", hash = "sha256:a502192d3f3c13a6c332e1d790e85c49bd8cbdf814c6d312841586b5b5988acb", size = 20079608, upload-time = "2026-03-20T08:59:55.986Z" },
    { url = "https://files.pythonhosted.org/packages/4a/84/a39988634d76f1530dca79d96bf6e81e783444af19791ac29c2c47ba51b1/py_rattler-0.23.2-cp38-abi3-manylinux_2_28_aarch64.whl", hash = "sha256:77e72d2f9168cf493d1420dbd51dc3b8cce0a8ea690e6e5cbb809e67657059a4", size = 20151862, upload-time = "2026-03-20T08:59:59.661Z" },
    { url = "https://files.pythonhosted.org/packages/d8/f1/ecf034c9c9ee2f449849a69cd6f73f8f88a160fff4ca263c0634a2768bcf/py_rattler-0.23.2-cp38-abi3-manylinux_2_28_armv7l.whl", hash = "sha256:b4709d39f2b1bacb0742f3a8c314ebc15f1399ae2fc4408d0eaff895895f7f14", size = 19254628, upload-time = "2026-03-20T09:00:03.642Z" },
    { url = "https://files.pythonhosted.org/packages/58/a2/b7e28547e6f8e693d87a8b7aa3877e196f0fa6e52812851a2e3542c51384/py_rattler-0.23.2-cp38-abi3-musllinux_1_2_aarch64.whl", hash = "sha256:f9c2a9fb0e08d888916c0f66a17c8a8727352235061f8b852252530c993c818f", size = 20349278, upload-time = "2026-03-20T09:00:07.406Z" },
    { url = "https://files.pythonhosted.org/packages/a9/fc/59177162308ea9df743fe12370404bfec085db9c863a97739842fb511bc5/py_rattler-0.23.2-cp38-abi3-musllinux_1_2_armv7l.whl", hash = "sha256:f8dc384841df27f20a345f8ab529f6d861bd7d87ee481e0538d70f34c26943e3", size = 19379558, upload-time = "2026-03-20T09:00:11.096Z" },
    { url = "https://files.pythonhosted.org/packages/85/68/a3fe744827d03d0a8e29c02ffc7ccfd1c5d00b0e55b20dd97020f59e1760/py_rattler-0.23.2-cp38-abi3-musllinux_1_2_i686.whl", hash = "sha256:61b3929eb15a5a7fe5d3a785be1a890fd92570619507cf54e8d536d4a262a943", size = 22746213, upload-time = "2026-03-20T09:00:15.169Z" },
    { url = "https://files.pythonhosted.org/packages/a3/8c/5fb4d20dcd55fd5d6eb7d16d800030d10bb12446eb285b6c6cf0071a975e/py_rattler-0.23.2-cp38-abi3-musllinux_1_2_x86_64.whl", hash = "sha256:7cb9979c1c5dd05793ea672858fe989c309bcb405b6e4d358b4a5a8a8d8de4ec", size = 20796660, upload-time = "2026-03-20T09:00:18.981Z" },
    { url = "https://files.pythonhosted.org/packages/7e/e4/204e9206c6ba9cbc2f656e040c685bcd7a8eeb9dfd3dadf6ad484c0f2e39/py_rattler-0.23.2-cp38-abi3-win32.whl", hash = "sha256:349ff4313739bb988bb88e080b67e6ca84104f2cf988343de87604c70f69bbc9", size = 13582057, upload-time = "2026-03-20T09:00:22.169Z" },
    { url = "https://files.pythonhosted.org/packages/4c/e1/011b49f954b3bcc773f81d73f4ee873d21d8e394366df316e66e857fedfe/py_rattler-0.23.2-cp38-abi3-win_amd64.whl", hash = "sha256:dcf730a9af43aba38bad0c047e39e669fd120d41faa247e455aafa4e3ef6623c", size = 15235927, upload-time = "2026-03-20T09:00:25.542Z" },
]

[[package]]
name = "typing-extensions"
version = "4.15.0"
source = { registry = "https://pypi.org/simple" }
sdist = { url = "https://files.pythonhosted.org/packages/72/94/1a15dd82efb362ac84269196e94cf00f187f7ed21c242792a923cdb1c61f/typing_extensions-4.15.0.tar.gz", hash = "sha256:0cea48d173cc12fa28ecabc3b837ea3cf6f38c6d1136f85cbaaf598984861466", size = 109391, upload-time = "2025-08-25T13:49:26.313Z" }
wheels = [
    { url = "https://files.pythonhosted.org/packages/18/67/36e9267722cc04a6b9f15c7f3441c2363321a3ea07da7ae0c0707beb2a9c/typing_extensions-4.15.0-py3-none-any.whl", hash = "sha256:f0fa19c6845758ab08074a0cfa8b7aecb71c999ca73d62883bc25cc018c4e548", size = 44614, upload-time = "2025-08-25T13:49:24.86Z" },
]
